
Microsoft Visual Studio Solution File, Format Version 12.00
# Visual Studio Version 17
VisualStudioVersion = 17.11.35327.3
MinimumVisualStudioVersion = 10.0.40219.1
Project("{FAE04EC0-301F-11D3-BF4B-00C04F79EFBC}") = "Trojki", "Trojki\Trojki.csproj", "{66409375-D2BF-495D-BE25-0342DE5E715D}"
EndProject
Global
	GlobalSection(SolutionConfigurationPlatforms) = preSolution
		Debug|Any CPU = Debug|Any CPU
		Release|Any CPU = Release|Any CPU
	EndGlobalSection
	GlobalSection(ProjectConfigurationPlatforms) = postSolution
		{66409375-D2BF-495D-BE25-0342DE5E715D}.Debug|Any CPU.ActiveCfg = Debug|Any CPU
		{66409375-D2BF-495D-BE25-0342DE5E715D}.Debug|Any CPU.Build.0 = Debug|Any CPU
		{66409375-D2BF-495D-BE25-0342DE5E715D}.Release|Any CPU.ActiveCfg = Release|Any CPU
		{66409375-D2BF-495D-BE25-0342DE5E715D}.Release|Any CPU.Build.0 = Release|Any CPU
	EndGlobalSection
	GlobalSection(SolutionProperties) = preSolution
		HideSolutionNode = FALSE
	EndGlobalSection
	GlobalSection(ExtensibilityGlobals) = postSolution
		SolutionGuid = {53737188-67EF-4E62-AD73-EA6527ABB29E}
	EndGlobalSection
EndGlobal
